# THIS IS AN AUTOGENERATED FILE. DO NOT EDIT THIS FILE DIRECTLY.
# yarn lockfile v1


"@esbuild/aix-ppc64@0.27.2":
  version "0.27.2"
  resolved "https://registry.yarnpkg.com/@esbuild/aix-ppc64/-/aix-ppc64-0.27.2.tgz#521cbd968dcf362094034947f76fa1b18d2d403c"
  integrity sha512-GZMB+a0mOMZs4MpDbj8RJp4cw+w1WV5NYD6xzgvzUJ5Ek2jerwfO2eADyI6ExDSUED+1X8aMbegahsJi+8mgpw==

"@esbuild/android-arm64@0.27.2":
  version "0.27.2"
  resolved "https://registry.yarnpkg.com/@esbuild/android-arm64/-/android-arm64-0.27.2.tgz#61ea550962d8aa12a9b33194394e007657a6df57"
  integrity sha512-pvz8ZZ7ot/RBphf8fv60ljmaoydPU12VuXHImtAs0XhLLw+EXBi2BLe3OYSBslR4rryHvweW5gmkKFwTiFy6KA==

"@esbuild/android-arm@0.27.2":
  version "0.27.2"
  resolved "https://registry.yarnpkg.com/@esbuild/android-arm/-/android-arm-0.27.2.tgz#554887821e009dd6d853f972fde6c5143f1de142"
  integrity sha512-DVNI8jlPa7Ujbr1yjU2PfUSRtAUZPG9I1RwW4F4xFB1Imiu2on0ADiI/c3td+KmDtVKNbi+nffGDQMfcIMkwIA==

"@esbuild/android-x64@0.27.2":
  version "0.27.2"
  resolved "https://registry.yarnpkg.com/@esbuild/android-x64/-/android-x64-0.27.2.tgz#a7ce9d0721825fc578f9292a76d9e53334480ba2"
  integrity sha512-z8Ank4Byh4TJJOh4wpz8g2vDy75zFL0TlZlkUkEwYXuPSgX8yzep596n6mT7905kA9uHZsf/o2OJZubl2l3M7A==

"@esbuild/darwin-arm64@0.27.2":
  version "0.27.2"
  resolved "https://registry.yarnpkg.com/@esbuild/darwin-arm64/-/darwin-arm64-0.27.2.tgz#2cb7659bd5d109803c593cfc414450d5430c8256"
  integrity sha512-davCD2Zc80nzDVRwXTcQP/28fiJbcOwvdolL0sOiOsbwBa72kegmVU0Wrh1MYrbuCL98Omp5dVhQFWRKR2ZAlg==

"@esbuild/darwin-x64@0.27.2":
  version "0.27.2"
  resolved "https://registry.yarnpkg.com/@esbuild/darwin-x64/-/darwin-x64-0.27.2.tgz#e741fa6b1abb0cd0364126ba34ca17fd5e7bf509"
  integrity sha512-ZxtijOmlQCBWGwbVmwOF/UCzuGIbUkqB1faQRf5akQmxRJ1ujusWsb3CVfk/9iZKr2L5SMU5wPBi1UWbvL+VQA==

"@esbuild/freebsd-arm64@0.27.2":
  version "0.27.2"
  resolved "https://registry.yarnpkg.com/@esbuild/freebsd-arm64/-/freebsd-arm64-0.27.2.tgz#2b64e7116865ca172d4ce034114c21f3c93e397c"
  integrity sha512-lS/9CN+rgqQ9czogxlMcBMGd+l8Q3Nj1MFQwBZJyoEKI50XGxwuzznYdwcav6lpOGv5BqaZXqvBSiB/kJ5op+g==

"@esbuild/freebsd-x64@0.27.2":
  version "0.27.2"
  resolved "https://registry.yarnpkg.com/@esbuild/freebsd-x64/-/freebsd-x64-0.27.2.tgz#e5252551e66f499e4934efb611812f3820e990bb"
  integrity sha512-tAfqtNYb4YgPnJlEFu4c212HYjQWSO/w/h/lQaBK7RbwGIkBOuNKQI9tqWzx7Wtp7bTPaGC6MJvWI608P3wXYA==

"@esbuild/linux-arm64@0.27.2":
  version "0.27.2"
  resolved "https://registry.yarnpkg.com/@esbuild/linux-arm64/-/linux-arm64-0.27.2.tgz#dc4acf235531cd6984f5d6c3b13dbfb7ddb303cb"
  integrity sha512-hYxN8pr66NsCCiRFkHUAsxylNOcAQaxSSkHMMjcpx0si13t1LHFphxJZUiGwojB1a/Hd5OiPIqDdXONia6bhTw==

"@esbuild/linux-arm@0.27.2":
  version "0.27.2"
  resolved "https://registry.yarnpkg.com/@esbuild/linux-arm/-/linux-arm-0.27.2.tgz#56a900e39240d7d5d1d273bc053daa295c92e322"
  integrity sha512-vWfq4GaIMP9AIe4yj1ZUW18RDhx6EPQKjwe7n8BbIecFtCQG4CfHGaHuh7fdfq+y3LIA2vGS/o9ZBGVxIDi9hw==

"@esbuild/linux-ia32@0.27.2":
  version "0.27.2"
  resolved "https://registry.yarnpkg.com/@esbuild/linux-ia32/-/linux-ia32-0.27.2.tgz#d4a36d473360f6870efcd19d52bbfff59a2ed1cc"
  integrity sha512-MJt5BRRSScPDwG2hLelYhAAKh9imjHK5+NE/tvnRLbIqUWa+0E9N4WNMjmp/kXXPHZGqPLxggwVhz7QP8CTR8w==

"@esbuild/linux-loong64@0.27.2":
  version "0.27.2"
  resolved "https://registry.yarnpkg.com/@esbuild/linux-loong64/-/linux-loong64-0.27.2.tgz#fcf0ab8c3eaaf45891d0195d4961cb18b579716a"
  integrity sha512-lugyF1atnAT463aO6KPshVCJK5NgRnU4yb3FUumyVz+cGvZbontBgzeGFO1nF+dPueHD367a2ZXe1NtUkAjOtg==

"@esbuild/linux-mips64el@0.27.2":
  version "0.27.2"
  resolved "https://registry.yarnpkg.com/@esbuild/linux-mips64el/-/linux-mips64el-0.27.2.tgz#598b67d34048bb7ee1901cb12e2a0a434c381c10"
  integrity sha512-nlP2I6ArEBewvJ2gjrrkESEZkB5mIoaTswuqNFRv/WYd+ATtUpe9Y09RnJvgvdag7he0OWgEZWhviS1OTOKixw==

"@esbuild/linux-ppc64@0.27.2":
  version "0.27.2"
  resolved "https://registry.yarnpkg.com/@esbuild/linux-ppc64/-/linux-ppc64-0.27.2.tgz#3846c5df6b2016dab9bc95dde26c40f11e43b4c0"
  integrity sha512-C92gnpey7tUQONqg1n6dKVbx3vphKtTHJaNG2Ok9lGwbZil6DrfyecMsp9CrmXGQJmZ7iiVXvvZH6Ml5hL6XdQ==

"@esbuild/linux-riscv64@0.27.2":
  version "0.27.2"
  resolved "https://registry.yarnpkg.com/@esbuild/linux-riscv64/-/linux-riscv64-0.27.2.tgz#173d4475b37c8d2c3e1707e068c174bb3f53d07d"
  integrity sha512-B5BOmojNtUyN8AXlK0QJyvjEZkWwy/FKvakkTDCziX95AowLZKR6aCDhG7LeF7uMCXEJqwa8Bejz5LTPYm8AvA==

"@esbuild/linux-s390x@0.27.2":
  version "0.27.2"
  resolved "https://registry.yarnpkg.com/@esbuild/linux-s390x/-/linux-s390x-0.27.2.tgz#f7a4790105edcab8a5a31df26fbfac1aa3dacfab"
  integrity sha512-p4bm9+wsPwup5Z8f4EpfN63qNagQ47Ua2znaqGH6bqLlmJ4bx97Y9JdqxgGZ6Y8xVTixUnEkoKSHcpRlDnNr5w==

"@esbuild/linux-x64@0.27.2":
  version "0.27.2"
  resolved "https://registry.yarnpkg.com/@esbuild/linux-x64/-/linux-x64-0.27.2.tgz#2ecc1284b1904aeb41e54c9ddc7fcd349b18f650"
  integrity sha512-uwp2Tip5aPmH+NRUwTcfLb+W32WXjpFejTIOWZFw/v7/KnpCDKG66u4DLcurQpiYTiYwQ9B7KOeMJvLCu/OvbA==

"@esbuild/netbsd-arm64@0.27.2":
  version "0.27.2"
  resolved "https://registry.yarnpkg.com/@esbuild/netbsd-arm64/-/netbsd-arm64-0.27.2.tgz#e2863c2cd1501845995cb11adf26f7fe4be527b0"
  integrity sha512-Kj6DiBlwXrPsCRDeRvGAUb/LNrBASrfqAIok+xB0LxK8CHqxZ037viF13ugfsIpePH93mX7xfJp97cyDuTZ3cw==

"@esbuild/netbsd-x64@0.27.2":
  version "0.27.2"
  resolved "https://registry.yarnpkg.com/@esbuild/netbsd-x64/-/netbsd-x64-0.27.2.tgz#93f7609e2885d1c0b5a1417885fba8d1fcc41272"
  integrity sha512-HwGDZ0VLVBY3Y+Nw0JexZy9o/nUAWq9MlV7cahpaXKW6TOzfVno3y3/M8Ga8u8Yr7GldLOov27xiCnqRZf0tCA==

"@esbuild/openbsd-arm64@0.27.2":
  version "0.27.2"
  resolved "https://registry.yarnpkg.com/@esbuild/openbsd-arm64/-/openbsd-arm64-0.27.2.tgz#a1985604a203cdc325fd47542e106fafd698f02e"
  integrity sha512-DNIHH2BPQ5551A7oSHD0CKbwIA/Ox7+78/AWkbS5QoRzaqlev2uFayfSxq68EkonB+IKjiuxBFoV8ESJy8bOHA==

"@esbuild/openbsd-x64@0.27.2":
  version "0.27.2"
  resolved "https://registry.yarnpkg.com/@esbuild/openbsd-x64/-/openbsd-x64-0.27.2.tgz#8209e46c42f1ffbe6e4ef77a32e1f47d404ad42a"
  integrity sha512-/it7w9Nb7+0KFIzjalNJVR5bOzA9Vay+yIPLVHfIQYG/j+j9VTH84aNB8ExGKPU4AzfaEvN9/V4HV+F+vo8OEg==

"@esbuild/openharmony-arm64@0.27.2":
  version "0.27.2"
  resolved "https://registry.yarnpkg.com/@esbuild/openharmony-arm64/-/openharmony-arm64-0.27.2.tgz#8fade4441893d9cc44cbd7dcf3776f508ab6fb2f"
  integrity sha512-LRBbCmiU51IXfeXk59csuX/aSaToeG7w48nMwA6049Y4J4+VbWALAuXcs+qcD04rHDuSCSRKdmY63sruDS5qag==

"@esbuild/sunos-x64@0.27.2":
  version "0.27.2"
  resolved "https://registry.yarnpkg.com/@esbuild/sunos-x64/-/sunos-x64-0.27.2.tgz#980d4b9703a16f0f07016632424fc6d9a789dfc2"
  integrity sha512-kMtx1yqJHTmqaqHPAzKCAkDaKsffmXkPHThSfRwZGyuqyIeBvf08KSsYXl+abf5HDAPMJIPnbBfXvP2ZC2TfHg==

"@esbuild/win32-arm64@0.27.2":
  version "0.27.2"
  resolved "https://registry.yarnpkg.com/@esbuild/win32-arm64/-/win32-arm64-0.27.2.tgz#1c09a3633c949ead3d808ba37276883e71f6111a"
  integrity sha512-Yaf78O/B3Kkh+nKABUF++bvJv5Ijoy9AN1ww904rOXZFLWVc5OLOfL56W+C8F9xn5JQZa3UX6m+IktJnIb1Jjg==

"@esbuild/win32-ia32@0.27.2":
  version "0.27.2"
  resolved "https://registry.yarnpkg.com/@esbuild/win32-ia32/-/win32-ia32-0.27.2.tgz#1b1e3a63ad4bef82200fef4e369e0fff7009eee5"
  integrity sha512-Iuws0kxo4yusk7sw70Xa2E2imZU5HoixzxfGCdxwBdhiDgt9vX9VUCBhqcwY7/uh//78A1hMkkROMJq9l27oLQ==

"@esbuild/win32-x64@0.27.2":
  version "0.27.2"
  resolved "https://registry.yarnpkg.com/@esbuild/win32-x64/-/win32-x64-0.27.2.tgz#9e585ab6086bef994c6e8a5b3a0481219ada862b"
  integrity sha512-sRdU18mcKf7F+YgheI/zGf5alZatMUTKj/jNS6l744f9u3WFu4v7twcUI9vu4mknF4Y9aDlblIie0IM+5xxaqQ==

"@figliolia/event-emitter@^1.2.0":
  version "1.2.0"
  resolved "https://registry.yarnpkg.com/@figliolia/event-emitter/-/event-emitter-1.2.0.tgz#21184d19ac1819affbc057dae5e4442bdd8cc821"
  integrity sha512-cEuKUJx8cG5ED7p4xGm5x/OUjZUAcz28P8syO5tnvoiRnd33RkMvsz249YBX97vQGTPYLIi18A1ZeUwyr4ITbw==

"@oxfmt/binding-android-arm-eabi@0.33.0":
  version "0.33.0"
  resolved "https://registry.yarnpkg.com/@oxfmt/binding-android-arm-eabi/-/binding-android-arm-eabi-0.33.0.tgz#916a010c5d5cb89926da9288dcc078b00910e3c3"
  integrity sha512-ML6qRW8/HiBANteqfyFAR1Zu0VrJu+6o4gkPLsssq74hQ7wDMkufBYJXI16PGSERxEYNwKxO5fesCuMssgTv9w==

"@oxfmt/binding-android-arm64@0.33.0":
  version "0.33.0"
  resolved "https://registry.yarnpkg.com/@oxfmt/binding-android-arm64/-/binding-android-arm64-0.33.0.tgz#606e35d0dfafc2ce18bd6b60769a892fe0c8ddc6"
  integrity sha512-WimmcyrGpTOntj7F7CO9RMssncOKYall93nBnzJbI2ZZDhVRuCkvFwTpwz80cZqwYm5udXRXfF40ZXcCxjp9jg==

"@oxfmt/binding-darwin-arm64@0.33.0":
  version "0.33.0"
  resolved "https://registry.yarnpkg.com/@oxfmt/binding-darwin-arm64/-/binding-darwin-arm64-0.33.0.tgz#022e34ff2429b4bee1ecc4d9a3e639089836ad30"
  integrity sha512-PorspsX9O5ISstVaq34OK4esN0LVcuU4DVg+XuSqJsfJ//gn6z6WH2Tt7s0rTQaqEcp76g7+QdWQOmnJDZsEVg==

"@oxfmt/binding-darwin-x64@0.33.0":
  version "0.33.0"
  resolved "https://registry.yarnpkg.com/@oxfmt/binding-darwin-x64/-/binding-darwin-x64-0.33.0.tgz#2e370a9d6d65e1b99080e92a57a8965cd47cde68"
  integrity sha512-8278bqQtOcHRPhhzcqwN9KIideut+cftBjF8d2TOsSQrlsJSFx41wCCJ38mFmH9NOmU1M+x9jpeobHnbRP1okw==

"@oxfmt/binding-freebsd-x64@0.33.0":
  version "0.33.0"
  resolved "https://registry.yarnpkg.com/@oxfmt/binding-freebsd-x64/-/binding-freebsd-x64-0.33.0.tgz#e2fd3aed8ffd7674b029e3e62fd3ee9fa13f6688"
  integrity sha512-BiqYVwWFHLf5dkfg0aCKsXa9rpi//vH1+xePCpd7Ulz9yp9pJKP4DWgS5g+OW8MaqOtt7iyAszhxtk/j1nDKHQ==

"@oxfmt/binding-linux-arm-gnueabihf@0.33.0":
  version "0.33.0"
  resolved "https://registry.yarnpkg.com/@oxfmt/binding-linux-arm-gnueabihf/-/binding-linux-arm-gnueabihf-0.33.0.tgz#240d6309203feb48b39479eb7a1d1cd43147258d"
  integrity sha512-oAVmmurXx0OKbNOVv71oK92LsF1LwYWpnhDnX0VaAy/NLsCKf4B7Zo7lxkJh80nfhU20TibcdwYfoHVaqlStPQ==

"@oxfmt/binding-linux-arm-musleabihf@0.33.0":
  version "0.33.0"
  resolved "https://registry.yarnpkg.com/@oxfmt/binding-linux-arm-musleabihf/-/binding-linux-arm-musleabihf-0.33.0.tgz#c1eec538c5e14f9ba2217b787b418e1cd260f7ab"
  integrity sha512-YB6S8CiRol59oRxnuclJiWoV6l+l8ru/NsuQNYjXZnnPXfSTXKtMLWHCnL/figpCFYA1E7JyjrBbar1qxe2aZg==

"@oxfmt/binding-linux-arm64-gnu@0.33.0":
  version "0.33.0"
  resolved "https://registry.yarnpkg.com/@oxfmt/binding-linux-arm64-gnu/-/binding-linux-arm64-gnu-0.33.0.tgz#59ca12cf1d535754853ee4d57d6d4f06118e6440"
  integrity sha512-hrYy+FpWoB6N24E9oGRimhVkqlls9yeqcRmQakEPUHoAbij6rYxsHHYIp3+FHRiQZFAOUxWKn/CCQoy/Mv3Dgw==

"@oxfmt/binding-linux-arm64-musl@0.33.0":
  version "0.33.0"
  resolved "https://registry.yarnpkg.com/@oxfmt/binding-linux-arm64-musl/-/binding-linux-arm64-musl-0.33.0.tgz#c76d1e098d3184db04e5a144e2be7986404410ae"
  integrity sha512-O1YIzymGRdWj9cG5iVTjkP7zk9/hSaVN8ZEbqMnWZjLC1phXlv54cUvANGGXndgJp2JS4W9XENn7eo5I4jZueg==

"@oxfmt/binding-linux-ppc64-gnu@0.33.0":
  version "0.33.0"
  resolved "https://registry.yarnpkg.com/@oxfmt/binding-linux-ppc64-gnu/-/binding-linux-ppc64-gnu-0.33.0.tgz#53037342bded42f36bee74725d2886158cc8c1dd"
  integrity sha512-2lrkNe+B0w1tCgQTaozfUNQCYMbqKKCGcnTDATmWCZzO77W2sh+3n04r1lk9Q1CK3bI+C3fPwhFPUR2X2BvlyQ==

"@oxfmt/binding-linux-riscv64-gnu@0.33.0":
  version "0.33.0"
  resolved "https://registry.yarnpkg.com/@oxfmt/binding-linux-riscv64-gnu/-/binding-linux-riscv64-gnu-0.33.0.tgz#cfe21dee920934c0779b6a07df166f13a278d4d4"
  integrity sha512-8DSG1q0M6097vowHAkEyHnKed75/BWr1IBtgCJfytnWQg+Jn1X4DryhfjqonKZOZiv74oFQl5J8TCbdDuXXdtQ==

"@oxfmt/binding-linux-riscv64-musl@0.33.0":
  version "0.33.0"
  resolved "https://registry.yarnpkg.com/@oxfmt/binding-linux-riscv64-musl/-/binding-linux-riscv64-musl-0.33.0.tgz#902784bbbed87c3eb9490c4b130ec4a930c5ecab"
  integrity sha512-eWaxnpPz7+p0QGUnw7GGviVBDOXabr6Cd0w7S/vnWTqQo9z1VroT7XXFnJEZ3dBwxMB9lphyuuYi/GLTCxqxlg==

"@oxfmt/binding-linux-s390x-gnu@0.33.0":
  version "0.33.0"
  resolved "https://registry.yarnpkg.com/@oxfmt/binding-linux-s390x-gnu/-/binding-linux-s390x-gnu-0.33.0.tgz#2f30f4833f5cdee1055a777c71364c125fed08a5"
  integrity sha512-+mH8cQTqq+Tu2CdoB2/Wmk9CqotXResi+gPvXpb+AAUt/LiwpicTQqSolMheQKogkDTYHPuUiSN23QYmy7IXNQ==

"@oxfmt/binding-linux-x64-gnu@0.33.0":
  version "0.33.0"
  resolved "https://registry.yarnpkg.com/@oxfmt/binding-linux-x64-gnu/-/binding-linux-x64-gnu-0.33.0.tgz#4999dff1eac46e574cdef36277189a479ae3aaf3"
  integrity sha512-fjyslAYAPE2+B6Ckrs5LuDQ6lB1re5MumPnzefAXsen3JGwiRilra6XdjUmszTNoExJKbewoxxd6bcLSTpkAJQ==

"@oxfmt/binding-linux-x64-musl@0.33.0":
  version "0.33.0"
  resolved "https://registry.yarnpkg.com/@oxfmt/binding-linux-x64-musl/-/binding-linux-x64-musl-0.33.0.tgz#2c6c39e71aaaa46b87bba9d63ada27ba3555b41d"
  integrity sha512-ve/jGBlTt35Jl/I0A0SfCQX3wKnadzPDdyOFEwe2ZgHHIT9uhqhAv1PaVXTenSBpauICEWYH8mWy+ittzlVE/A==

"@oxfmt/binding-openharmony-arm64@0.33.0":
  version "0.33.0"
  resolved "https://registry.yarnpkg.com/@oxfmt/binding-openharmony-arm64/-/binding-openharmony-arm64-0.33.0.tgz#0021245d4515a396b998d158d58caa124787365f"
  integrity sha512-lsWRgY9e+uPvwXnuDiJkmJ2Zs3XwwaQkaALJ3/SXU9kjZP0Qh8/tGW8Tk/Z6WL32sDxx+aOK5HuU7qFY9dHJhg==

"@oxfmt/binding-win32-arm64-msvc@0.33.0":
  version "0.33.0"
  resolved "https://registry.yarnpkg.com/@oxfmt/binding-win32-arm64-msvc/-/binding-win32-arm64-msvc-0.33.0.tgz#7b6a03bc0748bb466b18f552b7bb7ff80f3dc9f3"
  integrity sha512-w8AQHyGDRZutxtQ7IURdBEddwFrtHQiG6+yIFpNJ4HiMyYEqeAWzwBQBfwSAxtSNh6Y9qqbbc1OM2mHN6AB3Uw==

"@oxfmt/binding-win32-ia32-msvc@0.33.0":
  version "0.33.0"
  resolved "https://registry.yarnpkg.com/@oxfmt/binding-win32-ia32-msvc/-/binding-win32-ia32-msvc-0.33.0.tgz#0ec1faf5ca8896fd12d238dd6ae72c5e81aff2cc"
  integrity sha512-j2X4iumKVwDzQtUx3JBDkaydx6eLuncgUZPl2ybZ8llxJMFbZIniws70FzUQePMfMtzLozIm7vo4bjkvQFsOzw==

"@oxfmt/binding-win32-x64-msvc@0.33.0":
  version "0.33.0"
  resolved "https://registry.yarnpkg.com/@oxfmt/binding-win32-x64-msvc/-/binding-win32-x64-msvc-0.33.0.tgz#b5d6d19b7889755e6ed43c3dc528e3263856ddf1"
  integrity sha512-lsBQxbepASwOBUh3chcKAjU+jVAQhLElbPYiagIq26cU8vA9Bttj6t20bMvCQCw31m440IRlNhrK7NpnUI8mzA==

"@oxlint-tsgolint/darwin-arm64@0.14.0":
  version "0.14.0"
  resolved "https://registry.yarnpkg.com/@oxlint-tsgolint/darwin-arm64/-/darwin-arm64-0.14.0.tgz#f4409ba1c17f101974fe6475a667daab1e0ab5f4"
  integrity sha512-9JdNm9dNeCNgRxBzYb+8vJa/aPD4asc3INdRAC4oJ5EucM2yIPfmHEMlwkAe2WkC7QHPVMG3L9MheAnCrXPTyg==

"@oxlint-tsgolint/darwin-x64@0.14.0":
  version "0.14.0"
  resolved "https://registry.yarnpkg.com/@oxlint-tsgolint/darwin-x64/-/darwin-x64-0.14.0.tgz#54a98c68842be1b1768469cfbe3843ab5b7f3451"
  integrity sha512-8Z6BkXV7g6BoToCqi/6M7qiDDVHoKzEKRclMXxXiM0JNdk+w4ashNQ101kZh5Xb976vwbo3GuOS8co1UrJ8MQw==

"@oxlint-tsgolint/linux-arm64@0.14.0":
  version "0.14.0"
  resolved "https://registry.yarnpkg.com/@oxlint-tsgolint/linux-arm64/-/linux-arm64-0.14.0.tgz#e9b12c7706a4c0ba1735c1559f794c196295172b"
  integrity sha512-OZJ/mZSY15cSk3uoqYaKkw5Ue7duaDHfYoigy9bdASeNn4fHnYqeziqOPBvD3K76BDN/mwPLydawsgfY4VPQJQ==

"@oxlint-tsgolint/linux-x64@0.14.0":
  version "0.14.0"
  resolved "https://registry.yarnpkg.com/@oxlint-tsgolint/linux-x64/-/linux-x64-0.14.0.tgz#61f343ad829fd6e1eb1ea604958f019f6f9e3d90"
  integrity sha512-NDEBWwtpmCL8AL5jkX9nj9T69QbmaQ5AMSLnMWSJcL4xwR/yh0zk92/662sE2NWiX+8jACycIOa8CzH98rk5gw==

"@oxlint-tsgolint/win32-arm64@0.14.0":
  version "0.14.0"
  resolved "https://registry.yarnpkg.com/@oxlint-tsgolint/win32-arm64/-/win32-arm64-0.14.0.tgz#ce1d519e855b53456a37897539f8251dc766bc16"
  integrity sha512-onUJNTdoi5eh9HRg0Eb7rBvUtZP8RYP5XCJJkwh1cpNfG8p5JQU0MxYujgdk4ZFGKmg81AsaGAWXDkVNlgMELw==

"@oxlint-tsgolint/win32-x64@0.14.0":
  version "0.14.0"
  resolved "https://registry.yarnpkg.com/@oxlint-tsgolint/win32-x64/-/win32-x64-0.14.0.tgz#8e14da6be38ee5fa476901f133c20cd001cfbd50"
  integrity sha512-5pV3fznLN3yZAbEbygZzM9QvcNLYjLmrnM7AYTunhDnkIqagTv5XFwHqXcZf7MZ6oNPtkcImhtzhSpxsk23n3A==

"@oxlint/darwin-arm64@1.42.0":
  version "1.42.0"
  resolved "https://registry.yarnpkg.com/@oxlint/darwin-arm64/-/darwin-arm64-1.42.0.tgz#28dee385541a2e44af4f3a2dd830a4f496cad60a"
  integrity sha512-ui5CdAcDsXPQwZQEXOOSWsilJWhgj9jqHCvYBm2tDE8zfwZZuF9q58+hGKH1x5y0SV4sRlyobB2Quq6uU6EgeA==

"@oxlint/darwin-x64@1.42.0":
  version "1.42.0"
  resolved "https://registry.yarnpkg.com/@oxlint/darwin-x64/-/darwin-x64-1.42.0.tgz#55aa8fcd5755572a672e1b2df4af0fe010763e3f"
  integrity sha512-wo0M/hcpHRv7vFje99zHHqheOhVEwUOKjOgBKyi0M99xcLizv04kcSm1rTd6HSCeZgOtiJYZRVAlKhQOQw2byQ==

"@oxlint/linux-arm64-gnu@1.42.0":
  version "1.42.0"
  resolved "https://registry.yarnpkg.com/@oxlint/linux-arm64-gnu/-/linux-arm64-gnu-1.42.0.tgz#aac2ea6c4880edcb9b750585ac3f01786f0bc645"
  integrity sha512-j4QzfCM8ks+OyM+KKYWDiBEQsm5RCW50H1Wz16wUyoFsobJ+X5qqcJxq6HvkE07m8euYmZelyB0WqsiDoz1v8g==

"@oxlint/linux-arm64-musl@1.42.0":
  version "1.42.0"
  resolved "https://registry.yarnpkg.com/@oxlint/linux-arm64-musl/-/linux-arm64-musl-1.42.0.tgz#4fc6de318e89768a01105a95c227aa1157d33656"
  integrity sha512-g5b1Uw7zo6yw4Ymzyd1etKzAY7xAaGA3scwB8tAp3QzuY7CYdfTwlhiLKSAKbd7T/JBgxOXAGNcLDorJyVTXcg==

"@oxlint/linux-x64-gnu@1.42.0":
  version "1.42.0"
  resolved "https://registry.yarnpkg.com/@oxlint/linux-x64-gnu/-/linux-x64-gnu-1.42.0.tgz#caf145ba8584b6bb74907856652f971f4d910f42"
  integrity sha512-HnD99GD9qAbpV4q9iQil7mXZUJFpoBdDavfcC2CgGLPlawfcV5COzQPNwOgvPVkr7C0cBx6uNCq3S6r9IIiEIg==

"@oxlint/linux-x64-musl@1.42.0":
  version "1.42.0"
  resolved "https://registry.yarnpkg.com/@oxlint/linux-x64-musl/-/linux-x64-musl-1.42.0.tgz#668384131532c91dd50cd151294f369c240ccd0f"
  integrity sha512-8NTe8A78HHFn+nBi+8qMwIjgv9oIBh+9zqCPNLH56ah4vKOPvbePLI6NIv9qSkmzrBuu8SB+FJ2TH/G05UzbNA==

"@oxlint/win32-arm64@1.42.0":
  version "1.42.0"
  resolved "https://registry.yarnpkg.com/@oxlint/win32-arm64/-/win32-arm64-1.42.0.tgz#b35eb5b7805911a298d58640ef427fe97ccf6dc4"
  integrity sha512-lAPS2YAuu+qFqoTNPFcNsxXjwSV0M+dOgAzzVTAN7Yo2ifj+oLOx0GsntWoM78PvQWI7Q827ZxqtU2ImBmDapA==

"@oxlint/win32-x64@1.42.0":
  version "1.42.0"
  resolved "https://registry.yarnpkg.com/@oxlint/win32-x64/-/win32-x64-1.42.0.tgz#448fd1af33d9ccacc49ffb910e719db029763880"
  integrity sha512-3/KmyUOHNriL6rLpaFfm9RJxdhpXY2/Ehx9UuorJr2pUA+lrZL15FAEx/DOszYm5r10hfzj40+efAHcCilNvSQ==

"@types/node@^25.2.1":
  version "25.2.2"
  resolved "https://registry.yarnpkg.com/@types/node/-/node-25.2.2.tgz#0ddfe326c326afcb3422d32bfe5eb2938e1cb5db"
  integrity sha512-BkmoP5/FhRYek5izySdkOneRyXYN35I860MFAGupTdebyE66uZaR+bXLHq8k4DirE5DwQi3NuhvRU1jqTVwUrQ==
  dependencies:
    undici-types "~7.16.0"

esbuild@~0.27.0:
  version "0.27.2"
  resolved "https://registry.yarnpkg.com/esbuild/-/esbuild-0.27.2.tgz#d83ed2154d5813a5367376bb2292a9296fc83717"
  integrity sha512-HyNQImnsOC7X9PMNaCIeAm4ISCQXs5a5YasTXVliKv4uuBo1dKrG0A+uQS8M5eXjVMnLg3WgXaKvprHlFJQffw==
  optionalDependencies:
    "@esbuild/aix-ppc64" "0.27.2"
    "@esbuild/android-arm" "0.27.2"
    "@esbuild/android-arm64" "0.27.2"
    "@esbuild/android-x64" "0.27.2"
    "@esbuild/darwin-arm64" "0.27.2"
    "@esbuild/darwin-x64" "0.27.2"
    "@esbuild/freebsd-arm64" "0.27.2"
    "@esbuild/freebsd-x64" "0.27.2"
    "@esbuild/linux-arm" "0.27.2"
    "@esbuild/linux-arm64" "0.27.2"
    "@esbuild/linux-ia32" "0.27.2"
    "@esbuild/linux-loong64" "0.27.2"
    "@esbuild/linux-mips64el" "0.27.2"
    "@esbuild/linux-ppc64" "0.27.2"
    "@esbuild/linux-riscv64" "0.27.2"
    "@esbuild/linux-s390x" "0.27.2"
    "@esbuild/linux-x64" "0.27.2"
    "@esbuild/netbsd-arm64" "0.27.2"
    "@esbuild/netbsd-x64" "0.27.2"
    "@esbuild/openbsd-arm64" "0.27.2"
    "@esbuild/openbsd-x64" "0.27.2"
    "@esbuild/openharmony-arm64" "0.27.2"
    "@esbuild/sunos-x64" "0.27.2"
    "@esbuild/win32-arm64" "0.27.2"
    "@esbuild/win32-ia32" "0.27.2"
    "@esbuild/win32-x64" "0.27.2"

fsevents@~2.3.3:
  version "2.3.3"
  resolved "https://registry.yarnpkg.com/fsevents/-/fsevents-2.3.3.tgz#cac6407785d03675a2a5e1a5305c697b347d90d6"
  integrity sha512-5xoDfX+fL7faATnagmWPpbFtwh/R77WmMMqqHGS65C3vvB0YHrgF+B1YmZ3441tMj5n63k0212XNoJwzlhffQw==

get-tsconfig@^4.7.5:
  version "4.13.0"
  resolved "https://registry.yarnpkg.com/get-tsconfig/-/get-tsconfig-4.13.0.tgz#fcdd991e6d22ab9a600f00e91c318707a5d9a0d7"
  integrity sha512-1VKTZJCwBrvbd+Wn3AOgQP/2Av+TfTCOlE4AcRJE72W1ksZXbAx8PPBR9RzgTeSPzlPMHrbANMH3LbltH73wxQ==
  dependencies:
    resolve-pkg-maps "^1.0.0"

oxfmt@^0.33.0:
  version "0.33.0"
  resolved "https://registry.yarnpkg.com/oxfmt/-/oxfmt-0.33.0.tgz#6712d25c10d78b2313bf92d4a38a3a34952f7f5f"
  integrity sha512-ogxBXA9R4BFeo8F1HeMIIxHr5kGnQwKTYZ5k131AEGOq1zLxInNhvYSpyRQ+xIXVMYfCN7yZHKff/lb5lp4auQ==
  dependencies:
    tinypool "2.1.0"
  optionalDependencies:
    "@oxfmt/binding-android-arm-eabi" "0.33.0"
    "@oxfmt/binding-android-arm64" "0.33.0"
    "@oxfmt/binding-darwin-arm64" "0.33.0"
    "@oxfmt/binding-darwin-x64" "0.33.0"
    "@oxfmt/binding-freebsd-x64" "0.33.0"
    "@oxfmt/binding-linux-arm-gnueabihf" "0.33.0"
    "@oxfmt/binding-linux-arm-musleabihf" "0.33.0"
    "@oxfmt/binding-linux-arm64-gnu" "0.33.0"
    "@oxfmt/binding-linux-arm64-musl" "0.33.0"
    "@oxfmt/binding-linux-ppc64-gnu" "0.33.0"
    "@oxfmt/binding-linux-riscv64-gnu" "0.33.0"
    "@oxfmt/binding-linux-riscv64-musl" "0.33.0"
    "@oxfmt/binding-linux-s390x-gnu" "0.33.0"
    "@oxfmt/binding-linux-x64-gnu" "0.33.0"
    "@oxfmt/binding-linux-x64-musl" "0.33.0"
    "@oxfmt/binding-openharmony-arm64" "0.33.0"
    "@oxfmt/binding-win32-arm64-msvc" "0.33.0"
    "@oxfmt/binding-win32-ia32-msvc" "0.33.0"
    "@oxfmt/binding-win32-x64-msvc" "0.33.0"

oxlint-tsgolint@^0.14.0:
  version "0.14.0"
  resolved "https://registry.yarnpkg.com/oxlint-tsgolint/-/oxlint-tsgolint-0.14.0.tgz#8e41691faafb9c0bff49d113bd2ff60d075f4e10"
  integrity sha512-BUdiXO0vX7npql4hjLjbZvyM1yDL3U2m1DSZ3jBNl/r+IZaammWN0YmkmlMmYaLnVuTH0+8hO/1rQ6cD+YaEqQ==
  optionalDependencies:
    "@oxlint-tsgolint/darwin-arm64" "0.14.0"
    "@oxlint-tsgolint/darwin-x64" "0.14.0"
    "@oxlint-tsgolint/linux-arm64" "0.14.0"
    "@oxlint-tsgolint/linux-x64" "0.14.0"
    "@oxlint-tsgolint/win32-arm64" "0.14.0"
    "@oxlint-tsgolint/win32-x64" "0.14.0"

oxlint@^1.42.0:
  version "1.42.0"
  resolved "https://registry.yarnpkg.com/oxlint/-/oxlint-1.42.0.tgz#eb32cd478126c5f32565403356f89e11ef5feb71"
  integrity sha512-qnspC/lrp8FgKNaONLLn14dm+W5t0SSlus6V5NJpgI2YNT1tkFYZt4fBf14ESxf9AAh98WBASnW5f0gtw462Lg==
  optionalDependencies:
    "@oxlint/darwin-arm64" "1.42.0"
    "@oxlint/darwin-x64" "1.42.0"
    "@oxlint/linux-arm64-gnu" "1.42.0"
    "@oxlint/linux-arm64-musl" "1.42.0"
    "@oxlint/linux-x64-gnu" "1.42.0"
    "@oxlint/linux-x64-musl" "1.42.0"
    "@oxlint/win32-arm64" "1.42.0"
    "@oxlint/win32-x64" "1.42.0"

resolve-pkg-maps@^1.0.0:
  version "1.0.0"
  resolved "https://registry.yarnpkg.com/resolve-pkg-maps/-/resolve-pkg-maps-1.0.0.tgz#616b3dc2c57056b5588c31cdf4b3d64db133720f"
  integrity sha512-seS2Tj26TBVOC2NIc2rOe2y2ZO7efxITtLZcGSOnHHNOQ7CkiUBfw0Iw2ck6xkIhPwLhKNLS8BO+hEpngQlqzw==

tinypool@2.1.0:
  version "2.1.0"
  resolved "https://registry.yarnpkg.com/tinypool/-/tinypool-2.1.0.tgz#303a671d6ef68d03c9512cdc9a47c86b8a85f20c"
  integrity sha512-Pugqs6M0m7Lv1I7FtxN4aoyToKg1C4tu+/381vH35y8oENM/Ai7f7C4StcoK4/+BSw9ebcS8jRiVrORFKCALLw==

tsx@^4.21.0:
  version "4.21.0"
  resolved "https://registry.yarnpkg.com/tsx/-/tsx-4.21.0.tgz#32aa6cf17481e336f756195e6fe04dae3e6308b1"
  integrity sha512-5C1sg4USs1lfG0GFb2RLXsdpXqBSEhAaA/0kPL01wxzpMqLILNxIxIOKiILz+cdg/pLnOUxFYOR5yhHU666wbw==
  dependencies:
    esbuild "~0.27.0"
    get-tsconfig "^4.7.5"
  optionalDependencies:
    fsevents "~2.3.3"

typescript@^5.9.3:
  version "5.9.3"
  resolved "https://registry.yarnpkg.com/typescript/-/typescript-5.9.3.tgz#5b4f59e15310ab17a216f5d6cf53ee476ede670f"
  integrity sha512-jl1vZzPDinLr9eUt3J/t7V6FgNEw9QjvBPdysz9KfQDD41fQrC2Y4vKQdiaUpFT4bXlb1RHhLpp8wtm6M5TgSw==

undici-types@~7.16.0:
  version "7.16.0"
  resolved "https://registry.yarnpkg.com/undici-types/-/undici-types-7.16.0.tgz#ffccdff36aea4884cbfce9a750a0580224f58a46"
  integrity sha512-Zz+aZWSj8LE6zoxD+xrjh4VfkIG8Ya6LvYkZqtUQGJPZjYl53ypCaUwWqo7eI0x66KBGeRo+mlBEkMSeSZ38Nw==
